
Microsoft Visual Studio Solution File, Format Version 12.00
# Visual Studio Version 16
VisualStudioVersion = 16.0.30011.22
MinimumVisualStudioVersion = 10.0.40219.1
Project("{FAE04EC0-301F-11D3-BF4B-00C04F79EFBC}") = "WebUI", "WebUI\WebUI.csproj", "{3CD35AFD-8B51-478B-AA30-137FD4404F63}"
EndProject
Global
	GlobalSection(SolutionConfigurationPlatforms) = preSolution
		Debug|Any CPU = Debug|Any CPU
		Release|Any CPU = Release|Any CPU
	EndGlobalSection
	GlobalSection(ProjectConfigurationPlatforms) = postSolution
		{3CD35AFD-8B51-478B-AA30-137FD4404F63}.Debug|Any CPU.ActiveCfg = Debug|Any CPU
		{3CD35AFD-8B51-478B-AA30-137FD4404F63}.Debug|Any CPU.Build.0 = Debug|Any CPU
		{3CD35AFD-8B51-478B-AA30-137FD4404F63}.Release|Any CPU.ActiveCfg = Release|Any CPU
		{3CD35AFD-8B51-478B-AA30-137FD4404F63}.Release|Any CPU.Build.0 = Release|Any CPU
	EndGlobalSection
	GlobalSection(SolutionProperties) = preSolution
		HideSolutionNode = FALSE
	EndGlobalSection
	GlobalSection(ExtensibilityGlobals) = postSolution
		SolutionGuid = {6E6659BA-3B2E-47AB-8B90-3981E01B6699}
	EndGlobalSection
EndGlobal
